
Microsoft Visual Studio Solution File, Format Version 12.00
# Visual Studio Version 17
VisualStudioVersion = 17.10.35004.147
MinimumVisualStudioVersion = 10.0.40219.1
Project("{FAE04EC0-301F-11D3-BF4B-00C04F79EFBC}") = "BookStore", "BookStore\BookStore.csproj", "{E4201D2B-2464-465C-A839-496722E52B19}"
EndProject
Global
	GlobalSection(SolutionConfigurationPlatforms) = preSolution
		Debug|Any CPU = Debug|Any CPU
		Release|Any CPU = Release|Any CPU
	EndGlobalSection
	GlobalSection(ProjectConfigurationPlatforms) = postSolution
		{E4201D2B-2464-465C-A839-496722E52B19}.Debug|Any CPU.ActiveCfg = Debug|Any CPU
		{E4201D2B-2464-465C-A839-496722E52B19}.Debug|Any CPU.Build.0 = Debug|Any CPU
		{E4201D2B-2464-465C-A839-496722E52B19}.Release|Any CPU.ActiveCfg = Release|Any CPU
		{E4201D2B-2464-465C-A839-496722E52B19}.Release|Any CPU.Build.0 = Release|Any CPU
	EndGlobalSection
	GlobalSection(SolutionProperties) = preSolution
		HideSolutionNode = FALSE
	EndGlobalSection
	GlobalSection(ExtensibilityGlobals) = postSolution
		SolutionGuid = {52D755A0-D9DC-40EF-8060-12B435536539}
	EndGlobalSection
EndGlobal
